
Microsoft Visual Studio Solution File, Format Version 12.00
# Visual Studio Version 17
VisualStudioVersion = 17.4.33213.308
MinimumVisualStudioVersion = 10.0.40219.1
Project("{9A19103F-16F7-4668-BE54-9A1E7A4F7556}") = "02. Base", "02. Base\02. Base.csproj", "{3409411A-B364-4A1A-8610-980F83B9ADCC}"
EndProject
Project("{9A19103F-16F7-4668-BE54-9A1E7A4F7556}") = "03. List", "03. List\03. List.csproj", "{F8542C59-05A0-4FCB-8675-FF03BCE9C1A1}"
	ProjectSection(ProjectDependencies) = postProject
		{C075DB13-70E8-427F-9CD9-CAD9A808C425} = {C075DB13-70E8-427F-9CD9-CAD9A808C425}
	EndProjectSection
EndProject
Project("{9A19103F-16F7-4668-BE54-9A1E7A4F7556}") = "Benchmark", "Benchmark\Benchmark.csproj", "{C075DB13-70E8-427F-9CD9-CAD9A808C425}"
EndProject
Project("{9A19103F-16F7-4668-BE54-9A1E7A4F7556}") = "04. Dictionary", "04. Dictionary\04. Dictionary.csproj", "{BF7DE585-BA4A-495E-8E29-4CCFB2D529AC}"
EndProject
Project("{9A19103F-16F7-4668-BE54-9A1E7A4F7556}") = "05. SortedList", "05. SortedList\05. SortedList.csproj", "{811B93AD-0038-42E5-B09E-8E38EFF57DC6}"
EndProject
Project("{9A19103F-16F7-4668-BE54-9A1E7A4F7556}") = "06 OOP Intro", "06 OOP Intro\06 OOP Intro.csproj", "{66FCB803-5C82-4705-A884-D84BEB56CF94}"
EndProject
Project("{9A19103F-16F7-4668-BE54-9A1E7A4F7556}") = "07. OOP Part2", "07. OOP Part2\07. OOP Part2.csproj", "{853B36C1-AFC7-4303-8869-7D0858C896E6}"
EndProject
Project("{9A19103F-16F7-4668-BE54-9A1E7A4F7556}") = "08. Interfaces", "08. Interfaces\08. Interfaces.csproj", "{EAFC9F73-A75A-4A89-A5B4-930A48CF8B6C}"
EndProject
Project("{9A19103F-16F7-4668-BE54-9A1E7A4F7556}") = "09. Generic interfaces", "09. Generic interfaces\09. Generic interfaces.csproj", "{60270FFD-FBEA-4352-8ED3-A016CFE5D76A}"
EndProject
Project("{9A19103F-16F7-4668-BE54-9A1E7A4F7556}") = "10. Boxing_Unboxing", "10. Boxing_Unboxing\10. Boxing_Unboxing.csproj", "{43CB04BF-1B34-4A77-A3E3-E1F5B5A9E121}"
EndProject
Project("{FAE04EC0-301F-11D3-BF4B-00C04F79EFBC}") = "11. Delegate", "11. Delegate\11. Delegate.csproj", "{DE89EEFB-F450-44AB-B143-AC991CC730B6}"
EndProject
Project("{FAE04EC0-301F-11D3-BF4B-00C04F79EFBC}") = "12. Delegate example", "12. Delegate example\12. Delegate example.csproj", "{98DEE6D4-B3CE-43FA-B0CD-AB5C5E09EA32}"
EndProject
Global
	GlobalSection(SolutionConfigurationPlatforms) = preSolution
		Debug|Any CPU = Debug|Any CPU
		Release|Any CPU = Release|Any CPU
	EndGlobalSection
	GlobalSection(ProjectConfigurationPlatforms) = postSolution
		{3409411A-B364-4A1A-8610-980F83B9ADCC}.Debug|Any CPU.ActiveCfg = Debug|Any CPU
		{3409411A-B364-4A1A-8610-980F83B9ADCC}.Debug|Any CPU.Build.0 = Debug|Any CPU
		{3409411A-B364-4A1A-8610-980F83B9ADCC}.Release|Any CPU.ActiveCfg = Release|Any CPU
		{3409411A-B364-4A1A-8610-980F83B9ADCC}.Release|Any CPU.Build.0 = Release|Any CPU
		{F8542C59-05A0-4FCB-8675-FF03BCE9C1A1}.Debug|Any CPU.ActiveCfg = Debug|Any CPU
		{F8542C59-05A0-4FCB-8675-FF03BCE9C1A1}.Debug|Any CPU.Build.0 = Debug|Any CPU
		{F8542C59-05A0-4FCB-8675-FF03BCE9C1A1}.Release|Any CPU.ActiveCfg = Release|Any CPU
		{F8542C59-05A0-4FCB-8675-FF03BCE9C1A1}.Release|Any CPU.Build.0 = Release|Any CPU
		{C075DB13-70E8-427F-9CD9-CAD9A808C425}.Debug|Any CPU.ActiveCfg = Debug|Any CPU
		{C075DB13-70E8-427F-9CD9-CAD9A808C425}.Debug|Any CPU.Build.0 = Debug|Any CPU
		{C075DB13-70E8-427F-9CD9-CAD9A808C425}.Release|Any CPU.ActiveCfg = Release|Any CPU
		{C075DB13-70E8-427F-9CD9-CAD9A808C425}.Release|Any CPU.Build.0 = Release|Any CPU
		{BF7DE585-BA4A-495E-8E29-4CCFB2D529AC}.Debug|Any CPU.ActiveCfg = Debug|Any CPU
		{BF7DE585-BA4A-495E-8E29-4CCFB2D529AC}.Debug|Any CPU.Build.0 = Debug|Any CPU
		{BF7DE585-BA4A-495E-8E29-4CCFB2D529AC}.Release|Any CPU.ActiveCfg = Release|Any CPU
		{BF7DE585-BA4A-495E-8E29-4CCFB2D529AC}.Release|Any CPU.Build.0 = Release|Any CPU
		{811B93AD-0038-42E5-B09E-8E38EFF57DC6}.Debug|Any CPU.ActiveCfg = Debug|Any CPU
		{811B93AD-0038-42E5-B09E-8E38EFF57DC6}.Debug|Any CPU.Build.0 = Debug|Any CPU
		{811B93AD-0038-42E5-B09E-8E38EFF57DC6}.Release|Any CPU.ActiveCfg = Release|Any CPU
		{811B93AD-0038-42E5-B09E-8E38EFF57DC6}.Release|Any CPU.Build.0 = Release|Any CPU
		{66FCB803-5C82-4705-A884-D84BEB56CF94}.Debug|Any CPU.ActiveCfg = Debug|Any CPU
		{66FCB803-5C82-4705-A884-D84BEB56CF94}.Debug|Any CPU.Build.0 = Debug|Any CPU
		{66FCB803-5C82-4705-A884-D84BEB56CF94}.Release|Any CPU.ActiveCfg = Release|Any CPU
		{66FCB803-5C82-4705-A884-D84BEB56CF94}.Release|Any CPU.Build.0 = Release|Any CPU
		{853B36C1-AFC7-4303-8869-7D0858C896E6}.Debug|Any CPU.ActiveCfg = Debug|Any CPU
		{853B36C1-AFC7-4303-8869-7D0858C896E6}.Debug|Any CPU.Build.0 = Debug|Any CPU
		{853B36C1-AFC7-4303-8869-7D0858C896E6}.Release|Any CPU.ActiveCfg = Release|Any CPU
		{853B36C1-AFC7-4303-8869-7D0858C896E6}.Release|Any CPU.Build.0 = Release|Any CPU
		{EAFC9F73-A75A-4A89-A5B4-930A48CF8B6C}.Debug|Any CPU.ActiveCfg = Debug|Any CPU
		{EAFC9F73-A75A-4A89-A5B4-930A48CF8B6C}.Debug|Any CPU.Build.0 = Debug|Any CPU
		{EAFC9F73-A75A-4A89-A5B4-930A48CF8B6C}.Release|Any CPU.ActiveCfg = Release|Any CPU
		{EAFC9F73-A75A-4A89-A5B4-930A48CF8B6C}.Release|Any CPU.Build.0 = Release|Any CPU
		{60270FFD-FBEA-4352-8ED3-A016CFE5D76A}.Debug|Any CPU.ActiveCfg = Debug|Any CPU
		{60270FFD-FBEA-4352-8ED3-A016CFE5D76A}.Debug|Any CPU.Build.0 = Debug|Any CPU
		{60270FFD-FBEA-4352-8ED3-A016CFE5D76A}.Release|Any CPU.ActiveCfg = Release|Any CPU
		{60270FFD-FBEA-4352-8ED3-A016CFE5D76A}.Release|Any CPU.Build.0 = Release|Any CPU
		{43CB04BF-1B34-4A77-A3E3-E1F5B5A9E121}.Debug|Any CPU.ActiveCfg = Debug|Any CPU
		{43CB04BF-1B34-4A77-A3E3-E1F5B5A9E121}.Debug|Any CPU.Build.0 = Debug|Any CPU
		{43CB04BF-1B34-4A77-A3E3-E1F5B5A9E121}.Release|Any CPU.ActiveCfg = Release|Any CPU
		{43CB04BF-1B34-4A77-A3E3-E1F5B5A9E121}.Release|Any CPU.Build.0 = Release|Any CPU
		{DE89EEFB-F450-44AB-B143-AC991CC730B6}.Debug|Any CPU.ActiveCfg = Debug|Any CPU
		{DE89EEFB-F450-44AB-B143-AC991CC730B6}.Debug|Any CPU.Build.0 = Debug|Any CPU
		{DE89EEFB-F450-44AB-B143-AC991CC730B6}.Release|Any CPU.ActiveCfg = Release|Any CPU
		{DE89EEFB-F450-44AB-B143-AC991CC730B6}.Release|Any CPU.Build.0 = Release|Any CPU
		{98DEE6D4-B3CE-43FA-B0CD-AB5C5E09EA32}.Debug|Any CPU.ActiveCfg = Debug|Any CPU
		{98DEE6D4-B3CE-43FA-B0CD-AB5C5E09EA32}.Debug|Any CPU.Build.0 = Debug|Any CPU
		{98DEE6D4-B3CE-43FA-B0CD-AB5C5E09EA32}.Release|Any CPU.ActiveCfg = Release|Any CPU
		{98DEE6D4-B3CE-43FA-B0CD-AB5C5E09EA32}.Release|Any CPU.Build.0 = Release|Any CPU
	EndGlobalSection
	GlobalSection(SolutionProperties) = preSolution
		HideSolutionNode = FALSE
	EndGlobalSection
	GlobalSection(ExtensibilityGlobals) = postSolution
		SolutionGuid = {0DDAA731-2A0B-4F78-A93A-1C3DBC489E81}
	EndGlobalSection
EndGlobal
